{
	"archiveVersion" = "1";
	"classes" =
		{
		};
	"objectVersion" = "46";
	"objects" =
		{
			"100000000000000000000002" =
				{
					"isa" = "PBXGroup";
					"children" =
						("0D872D3059BE4DE0AFE5CFBC", "41B5932330654BBB99397902", "ED5E2B3C604D420493976D15"
);
					"sourceTree" = "<group>";
				};
			"100000000000000000000006" =
				{
					"isa" = "PBXNativeTarget";
					"buildPhases" =
						("100000000000000000000007");
					"buildRules" =
						();
					"dependencies" =
						();
					"name" = "test";
					"productName" = "test";
					"productType" = "com.apple.product-type.application";
				};
			"100000000000000000000001" =
				{
					"isa" = "PBXProject";
					"attributes" =
						{
							"LastUpgradeCheck" = "0620";
						};
					"buildConfigurationList" = "100000000000000000000003";
					"compatibilityVersion" = "Xcode 3.2";
					"developmentRegion" = "English";
					"hasScannedForEncodings" = "0";
					"knownRegions" =
						("en");
					"mainGroup" = "100000000000000000000002";
					"projectDirPath" = "";
					"projectRoot" = "";
					"targets" =
						("100000000000000000000006");
				};
			"100000000000000000000007" =
				{
					"isa" = "PBXSourcesBuildPhase";
					"buildActionMask" = "2147483647";
					"files" =
						("9AE47D50241D44DCA84A0348");
					"runOnlyForDeploymentPostprocessing" = "0";
				};
			"100000000000000000000004" =
				{
					"isa" = "XCBuildConfiguration";
					"buildSettings" =
						{
							"INFOPLIST_FILE" = "/Users/vito/Desktop/progetto tesi/tuProlog/ios/Info.plist.xml";
							"SDKROOT" = "iphoneos";
							"TARGETED_DEVICE_FAMILY" = "1,2";
							"GCC_PRECOMPILE_PREFIX_HEADER" = "YES";
							"GCC_PREFIX_HEADER" = "/Users/vito/Desktop/progetto tesi/tuProlog/ios/robovm-build/xcode/.ib/Prefix.pch";
						};
					"name" = "Debug";
				};
			"100000000000000000000005" =
				{
					"isa" = "XCBuildConfiguration";
					"buildSettings" =
						{
							"INFOPLIST_FILE" = "/Users/vito/Desktop/progetto tesi/tuProlog/ios/Info.plist.xml";
							"SDKROOT" = "iphoneos";
							"TARGETED_DEVICE_FAMILY" = "1,2";
							"GCC_PRECOMPILE_PREFIX_HEADER" = "YES";
							"GCC_PREFIX_HEADER" = "/Users/vito/Desktop/progetto tesi/tuProlog/ios/robovm-build/xcode/.ib/Prefix.pch";
						};
					"name" = "Release";
				};
			"100000000000000000000003" =
				{
					"isa" = "XCConfigurationList";
					"buildConfigurations" =
						("100000000000000000000004", "100000000000000000000005");
					"defaultConfigurationIsVisible" = "0";
					"defaultConfigurationName" = "Release";
				};
			"91D640B73CB44C71BA65FF6F" =
				{
					"isa" = "PBXFileReference";
					"name" = "Main.storyboard";
					"lastKnownFileType" = "file.storyboard";
					"sourceTree" = "<group>";
					"path" = "Base.lproj/Main.storyboard";
				};
			"0D872D3059BE4DE0AFE5CFBC" =
				{
					"isa" = "PBXGroup";
					"children" =
						("383E337A17B44B06826DC26D", "DF85291B3E3C4142AC8C5EDE");
					"name" = "Resources";
					"sourceTree" = "<absolute>";
					"path" = "/Users/vito/Desktop/progetto tesi/tuProlog/ios/resources";
				};
			"383E337A17B44B06826DC26D" =
				{
					"isa" = "PBXFileReference";
					"name" = "Images.xcassets";
					"lastKnownFileType" = "folder.assetcatalog";
					"sourceTree" = "<group>";
					"path" = "Images.xcassets";
				};
			"DF85291B3E3C4142AC8C5EDE" =
				{
					"isa" = "PBXVariantGroup";
					"children" =
						("91D640B73CB44C71BA65FF6F");
					"name" = "Main.storyboard";
					"sourceTree" = "<group>";
				};
			"AC91E16470644436BA282757" =
				{
					"isa" = "PBXFileReference";
					"name" = "Info.plist";
					"explicitFileType" = "text.plist.info";
					"sourceTree" = "<group>";
					"path" = "Info.plist.xml";
				};
			"ED5E2B3C604D420493976D15" =
				{
					"isa" = "PBXGroup";
					"children" =
						("AC91E16470644436BA282757");
					"name" = "Supporting Files";
					"sourceTree" = "<absolute>";
					"path" = "/Users/vito/Desktop/progetto tesi/tuProlog/ios";
				};
			"7CD6365490244C75A410124B" =
				{
					"isa" = "PBXFileReference";
					"name" = "MyViewController.h";
					"lastKnownFileType" = "sourcecode.c.h";
					"sourceTree" = "<group>";
					"path" = "MyViewController.h";
				};
			"41B5932330654BBB99397902" =
				{
					"isa" = "PBXGroup";
					"children" =
						("47E30D6C704A41ADA69787FF");
					"name" = "Sources";
					"sourceTree" = "<absolute>";
					"path" = "/Users/vito/Desktop/progetto tesi/tuProlog/ios/robovm-build/xcode/.ib";
				};
			"47E30D6C704A41ADA69787FF" =
				{
					"isa" = "PBXGroup";
					"children" =
						("7CD6365490244C75A410124B", "A046D16BE04A4BF88B620A33");
					"name" = "com.mycompany.tuprolog";
					"sourceTree" = "<group>";
					"path" = "com.mycompany.tuprolog";
				};
			"A046D16BE04A4BF88B620A33" =
				{
					"isa" = "PBXFileReference";
					"name" = "MyViewController.m";
					"lastKnownFileType" = "sourcecode.c.objc";
					"sourceTree" = "<group>";
					"path" = "MyViewController.m";
				};
			"9AE47D50241D44DCA84A0348" =
				{
					"isa" = "PBXBuildFile";
					"fileRef" = "A046D16BE04A4BF88B620A33";
				};
		};
	"rootObject" = "100000000000000000000001";
}
