
Microsoft Visual Studio Solution File, Format Version 12.00
# Visual Studio 2013
VisualStudioVersion = 12.0.21005.1
MinimumVisualStudioVersion = 10.0.40219.1
Project("{FAE04EC0-301F-11D3-BF4B-00C04F79EFBC}") = "PrologGenerator", "PrologGenerator\PrologGenerator.csproj", "{46FC9FA1-D7CB-46EB-BD60-50F12EE08F4D}"
EndProject
Project("{FAE04EC0-301F-11D3-BF4B-00C04F79EFBC}") = "PrologItemTemplate", "PrologItemTemplate\PrologItemTemplate.csproj", "{E84DC281-C16F-42E8-AB70-D7AF55CE323C}"
EndProject
Project("{F184B08F-C81C-45F6-A57F-5ABD9991F28F}") = "VBPrologItemTemplate", "VBPrologItemTemplate\VBPrologItemTemplate.vbproj", "{E5ECCF65-ECC1-4D8B-B867-269A82DF4146}"
EndProject
Global
	GlobalSection(SolutionConfigurationPlatforms) = preSolution
		Debug|Any CPU = Debug|Any CPU
		Release|Any CPU = Release|Any CPU
	EndGlobalSection
	GlobalSection(ProjectConfigurationPlatforms) = postSolution
		{46FC9FA1-D7CB-46EB-BD60-50F12EE08F4D}.Debug|Any CPU.ActiveCfg = Debug|Any CPU
		{46FC9FA1-D7CB-46EB-BD60-50F12EE08F4D}.Debug|Any CPU.Build.0 = Debug|Any CPU
		{46FC9FA1-D7CB-46EB-BD60-50F12EE08F4D}.Release|Any CPU.ActiveCfg = Release|Any CPU
		{46FC9FA1-D7CB-46EB-BD60-50F12EE08F4D}.Release|Any CPU.Build.0 = Release|Any CPU
		{E84DC281-C16F-42E8-AB70-D7AF55CE323C}.Debug|Any CPU.ActiveCfg = Debug|Any CPU
		{E84DC281-C16F-42E8-AB70-D7AF55CE323C}.Debug|Any CPU.Build.0 = Debug|Any CPU
		{E84DC281-C16F-42E8-AB70-D7AF55CE323C}.Release|Any CPU.ActiveCfg = Release|Any CPU
		{E84DC281-C16F-42E8-AB70-D7AF55CE323C}.Release|Any CPU.Build.0 = Release|Any CPU
		{E5ECCF65-ECC1-4D8B-B867-269A82DF4146}.Debug|Any CPU.ActiveCfg = Debug|Any CPU
		{E5ECCF65-ECC1-4D8B-B867-269A82DF4146}.Debug|Any CPU.Build.0 = Debug|Any CPU
		{E5ECCF65-ECC1-4D8B-B867-269A82DF4146}.Release|Any CPU.ActiveCfg = Release|Any CPU
		{E5ECCF65-ECC1-4D8B-B867-269A82DF4146}.Release|Any CPU.Build.0 = Release|Any CPU
	EndGlobalSection
	GlobalSection(SolutionProperties) = preSolution
		HideSolutionNode = FALSE
	EndGlobalSection
EndGlobal
